// !$*UTF8*$!
{
	archiveVersion = 1;
	classes = {
	};
	objectVersion = 51;
	objects = {

/* Begin PBXBuildFile section */
		426CE58A304A65116F8A7831 /* Pods_Recipes_Cooking.framework in Frameworks */ = {isa = PBXBuildFile; fileRef = 8F4FAC5A98691EB2165175B1 /* Pods_Recipes_Cooking.framework */; };
		6013FFF825C354050081BF1E /* RecipesTableViewController.swift in Sources */ = {isa = PBXBuildFile; fileRef = 6013FFF725C354050081BF1E /* RecipesTableViewController.swift */; };
		607C9A4525C0632A009A5E11 /* AppDelegate.swift in Sources */ = {isa = PBXBuildFile; fileRef = 607C9A4425C0632A009A5E11 /* AppDelegate.swift */; };
		607C9A4725C0632A009A5E11 /* SceneDelegate.swift in Sources */ = {isa = PBXBuildFile; fileRef = 607C9A4625C0632A009A5E11 /* SceneDelegate.swift */; };
		607C9A4925C0632A009A5E11 /* DetailViewController.swift in Sources */ = {isa = PBXBuildFile; fileRef = 607C9A4825C0632A009A5E11 /* DetailViewController.swift */; };
		607C9A4E25C0632D009A5E11 /* Assets.xcassets in Resources */ = {isa = PBXBuildFile; fileRef = 607C9A4D25C0632D009A5E11 /* Assets.xcassets */; };
		607C9A5125C0632D009A5E11 /* LaunchScreen.storyboard in Resources */ = {isa = PBXBuildFile; fileRef = 607C9A4F25C0632D009A5E11 /* LaunchScreen.storyboard */; };
		60C1F6BB25CC833900D1AADE /* RecipeCell.swift in Sources */ = {isa = PBXBuildFile; fileRef = 60C1F6BA25CC833900D1AADE /* RecipeCell.swift */; };
		60F0206F25C064B200D59149 /* RecipeModel.swift in Sources */ = {isa = PBXBuildFile; fileRef = 60F0206D25C064B200D59149 /* RecipeModel.swift */; };
		60F0207F25C1D76F00D59149 /* FormViewController.swift in Sources */ = {isa = PBXBuildFile; fileRef = 60F0207E25C1D76F00D59149 /* FormViewController.swift */; };
		C51E998E2A4DC42D00FFEAEF /* RecipeDetailView.swift in Sources */ = {isa = PBXBuildFile; fileRef = C51E998D2A4DC42D00FFEAEF /* RecipeDetailView.swift */; };
		C555D03A2A447DC30001DF25 /* FormView.swift in Sources */ = {isa = PBXBuildFile; fileRef = C555D0392A447DC30001DF25 /* FormView.swift */; };
		C555D03D2A44955A0001DF25 /* DescritionLabel.swift in Sources */ = {isa = PBXBuildFile; fileRef = C555D03C2A44955A0001DF25 /* DescritionLabel.swift */; };
		C5B2D2DD2A44C04E00EA61DD /* FirstRecipeSectionView.swift in Sources */ = {isa = PBXBuildFile; fileRef = C5B2D2DC2A44C04E00EA61DD /* FirstRecipeSectionView.swift */; };
		C5D579FF2A68861B00DB5C4B /* DataBaseHelper.swift in Sources */ = {isa = PBXBuildFile; fileRef = C5D579FE2A68861B00DB5C4B /* DataBaseHelper.swift */; };
		C5F1280B2A336C7000532FBF /* RecipeListTableView.swift in Sources */ = {isa = PBXBuildFile; fileRef = C5F1280A2A336C7000532FBF /* RecipeListTableView.swift */; };
		C5F1280E2A33B05800532FBF /* EmptyListView.swift in Sources */ = {isa = PBXBuildFile; fileRef = C5F1280D2A33B05800532FBF /* EmptyListView.swift */; };
/* End PBXBuildFile section */

/* Begin PBXFileReference section */
		1BC6F2C396C5C55558966316 /* Pods-Recipes&Cooking.release.xcconfig */ = {isa = PBXFileReference; includeInIndex = 1; lastKnownFileType = text.xcconfig; name = "Pods-Recipes&Cooking.release.xcconfig"; path = "Target Support Files/Pods-Recipes&Cooking/Pods-Recipes&Cooking.release.xcconfig"; sourceTree = "<group>"; };
		6013FFF725C354050081BF1E /* RecipesTableViewController.swift */ = {isa = PBXFileReference; lastKnownFileType = sourcecode.swift; path = RecipesTableViewController.swift; sourceTree = "<group>"; };
		607C9A4125C0632A009A5E11 /* Recipes&Cooking.app */ = {isa = PBXFileReference; explicitFileType = wrapper.application; includeInIndex = 0; path = "Recipes&Cooking.app"; sourceTree = BUILT_PRODUCTS_DIR; };
		607C9A4425C0632A009A5E11 /* AppDelegate.swift */ = {isa = PBXFileReference; lastKnownFileType = sourcecode.swift; path = AppDelegate.swift; sourceTree = "<group>"; };
		607C9A4625C0632A009A5E11 /* SceneDelegate.swift */ = {isa = PBXFileReference; lastKnownFileType = sourcecode.swift; path = SceneDelegate.swift; sourceTree = "<group>"; };
		607C9A4825C0632A009A5E11 /* DetailViewController.swift */ = {isa = PBXFileReference; lastKnownFileType = sourcecode.swift; path = DetailViewController.swift; sourceTree = "<group>"; };
		607C9A4D25C0632D009A5E11 /* Assets.xcassets */ = {isa = PBXFileReference; lastKnownFileType = folder.assetcatalog; path = Assets.xcassets; sourceTree = "<group>"; };
		607C9A5025C0632D009A5E11 /* Base */ = {isa = PBXFileReference; lastKnownFileType = file.storyboard; name = Base; path = Base.lproj/LaunchScreen.storyboard; sourceTree = "<group>"; };
		607C9A5225C0632D009A5E11 /* Info.plist */ = {isa = PBXFileReference; lastKnownFileType = text.plist.xml; path = Info.plist; sourceTree = "<group>"; };
		60C1F6BA25CC833900D1AADE /* RecipeCell.swift */ = {isa = PBXFileReference; lastKnownFileType = sourcecode.swift; path = RecipeCell.swift; sourceTree = "<group>"; };
		60F0206D25C064B200D59149 /* RecipeModel.swift */ = {isa = PBXFileReference; fileEncoding = 4; lastKnownFileType = sourcecode.swift; path = RecipeModel.swift; sourceTree = "<group>"; };
		60F0207E25C1D76F00D59149 /* FormViewController.swift */ = {isa = PBXFileReference; lastKnownFileType = sourcecode.swift; path = FormViewController.swift; sourceTree = "<group>"; };
		8F4FAC5A98691EB2165175B1 /* Pods_Recipes_Cooking.framework */ = {isa = PBXFileReference; explicitFileType = wrapper.framework; includeInIndex = 0; path = Pods_Recipes_Cooking.framework; sourceTree = BUILT_PRODUCTS_DIR; };
		B0C7D4E9761EDF9719E5F525 /* Pods-Recipes&Cooking.debug.xcconfig */ = {isa = PBXFileReference; includeInIndex = 1; lastKnownFileType = text.xcconfig; name = "Pods-Recipes&Cooking.debug.xcconfig"; path = "Target Support Files/Pods-Recipes&Cooking/Pods-Recipes&Cooking.debug.xcconfig"; sourceTree = "<group>"; };
		C51E998D2A4DC42D00FFEAEF /* RecipeDetailView.swift */ = {isa = PBXFileReference; lastKnownFileType = sourcecode.swift; path = RecipeDetailView.swift; sourceTree = "<group>"; };
		C555D0392A447DC30001DF25 /* FormView.swift */ = {isa = PBXFileReference; lastKnownFileType = sourcecode.swift; path = FormView.swift; sourceTree = "<group>"; };
		C555D03C2A44955A0001DF25 /* DescritionLabel.swift */ = {isa = PBXFileReference; lastKnownFileType = sourcecode.swift; path = DescritionLabel.swift; sourceTree = "<group>"; };
		C5B2D2DC2A44C04E00EA61DD /* FirstRecipeSectionView.swift */ = {isa = PBXFileReference; lastKnownFileType = sourcecode.swift; path = FirstRecipeSectionView.swift; sourceTree = "<group>"; };
		C5D579FE2A68861B00DB5C4B /* DataBaseHelper.swift */ = {isa = PBXFileReference; lastKnownFileType = sourcecode.swift; path = DataBaseHelper.swift; sourceTree = "<group>"; };
		C5F1280A2A336C7000532FBF /* RecipeListTableView.swift */ = {isa = PBXFileReference; lastKnownFileType = sourcecode.swift; path = RecipeListTableView.swift; sourceTree = "<group>"; };
		C5F1280D2A33B05800532FBF /* EmptyListView.swift */ = {isa = PBXFileReference; lastKnownFileType = sourcecode.swift; path = EmptyListView.swift; sourceTree = "<group>"; };
/* End PBXFileReference section */

/* Begin PBXFrameworksBuildPhase section */
		607C9A3E25C0632A009A5E11 /* Frameworks */ = {
			isa = PBXFrameworksBuildPhase;
			buildActionMask = 2147483647;
			files = (
				426CE58A304A65116F8A7831 /* Pods_Recipes_Cooking.framework in Frameworks */,
			);
			runOnlyForDeploymentPostprocessing = 0;
		};
/* End PBXFrameworksBuildPhase section */

/* Begin PBXGroup section */
		036C803A7FB67C3D6C170126 /* Pods */ = {
			isa = PBXGroup;
			children = (
				B0C7D4E9761EDF9719E5F525 /* Pods-Recipes&Cooking.debug.xcconfig */,
				1BC6F2C396C5C55558966316 /* Pods-Recipes&Cooking.release.xcconfig */,
			);
			path = Pods;
			sourceTree = "<group>";
		};
		607C9A3825C0632A009A5E11 = {
			isa = PBXGroup;
			children = (
				607C9A4325C0632A009A5E11 /* Recipes&Cooking */,
				607C9A4225C0632A009A5E11 /* Products */,
				036C803A7FB67C3D6C170126 /* Pods */,
				71474E9ACC421029363BBA66 /* Frameworks */,
			);
			sourceTree = "<group>";
		};
		607C9A4225C0632A009A5E11 /* Products */ = {
			isa = PBXGroup;
			children = (
				607C9A4125C0632A009A5E11 /* Recipes&Cooking.app */,
			);
			name = Products;
			sourceTree = "<group>";
		};
		607C9A4325C0632A009A5E11 /* Recipes&Cooking */ = {
			isa = PBXGroup;
			children = (
				C555D03B2A4495490001DF25 /* Helpers */,
				C5F128062A336A5D00532FBF /* RecipeForm */,
				C5F128052A336A2C00532FBF /* RecipesDetail */,
				C5F128042A3369E800532FBF /* RecipesList */,
				607C9A4425C0632A009A5E11 /* AppDelegate.swift */,
				607C9A4625C0632A009A5E11 /* SceneDelegate.swift */,
				607C9A4D25C0632D009A5E11 /* Assets.xcassets */,
				607C9A4F25C0632D009A5E11 /* LaunchScreen.storyboard */,
				607C9A5225C0632D009A5E11 /* Info.plist */,
			);
			path = "Recipes&Cooking";
			sourceTree = "<group>";
		};
		71474E9ACC421029363BBA66 /* Frameworks */ = {
			isa = PBXGroup;
			children = (
				8F4FAC5A98691EB2165175B1 /* Pods_Recipes_Cooking.framework */,
			);
			name = Frameworks;
			sourceTree = "<group>";
		};
		C555D0382A447D8B0001DF25 /* Views */ = {
			isa = PBXGroup;
			children = (
				C555D0392A447DC30001DF25 /* FormView.swift */,
				C5B2D2DC2A44C04E00EA61DD /* FirstRecipeSectionView.swift */,
			);
			path = Views;
			sourceTree = "<group>";
		};
		C555D03B2A4495490001DF25 /* Helpers */ = {
			isa = PBXGroup;
			children = (
				C555D03C2A44955A0001DF25 /* DescritionLabel.swift */,
				C5D579FE2A68861B00DB5C4B /* DataBaseHelper.swift */,
			);
			path = Helpers;
			sourceTree = "<group>";
		};
		C5F128042A3369E800532FBF /* RecipesList */ = {
			isa = PBXGroup;
			children = (
				C5F128092A336C4400532FBF /* Views */,
				6013FFF725C354050081BF1E /* RecipesTableViewController.swift */,
			);
			path = RecipesList;
			sourceTree = "<group>";
		};
		C5F128052A336A2C00532FBF /* RecipesDetail */ = {
			isa = PBXGroup;
			children = (
				C5F1280C2A33A4A300532FBF /* Views */,
				607C9A4825C0632A009A5E11 /* DetailViewController.swift */,
			);
			path = RecipesDetail;
			sourceTree = "<group>";
		};
		C5F128062A336A5D00532FBF /* RecipeForm */ = {
			isa = PBXGroup;
			children = (
				C5F128082A336A9C00532FBF /* Model */,
				C555D0382A447D8B0001DF25 /* Views */,
				60F0207E25C1D76F00D59149 /* FormViewController.swift */,
			);
			path = RecipeForm;
			sourceTree = "<group>";
		};
		C5F128082A336A9C00532FBF /* Model */ = {
			isa = PBXGroup;
			children = (
				60F0206D25C064B200D59149 /* RecipeModel.swift */,
			);
			path = Model;
			sourceTree = "<group>";
		};
		C5F128092A336C4400532FBF /* Views */ = {
			isa = PBXGroup;
			children = (
				60C1F6BA25CC833900D1AADE /* RecipeCell.swift */,
				C5F1280A2A336C7000532FBF /* RecipeListTableView.swift */,
				C5F1280D2A33B05800532FBF /* EmptyListView.swift */,
			);
			path = Views;
			sourceTree = "<group>";
		};
		C5F1280C2A33A4A300532FBF /* Views */ = {
			isa = PBXGroup;
			children = (
				C51E998D2A4DC42D00FFEAEF /* RecipeDetailView.swift */,
			);
			path = Views;
			sourceTree = "<group>";
		};
/* End PBXGroup section */

/* Begin PBXNativeTarget section */
		607C9A4025C0632A009A5E11 /* Recipes&Cooking */ = {
			isa = PBXNativeTarget;
			buildConfigurationList = 607C9A5525C0632D009A5E11 /* Build configuration list for PBXNativeTarget "Recipes&Cooking" */;
			buildPhases = (
				923931D78A1D25F8069CE9CE /* [CP] Check Pods Manifest.lock */,
				607C9A3D25C0632A009A5E11 /* Sources */,
				607C9A3E25C0632A009A5E11 /* Frameworks */,
				607C9A3F25C0632A009A5E11 /* Resources */,
				D2B70F749DD34EE5B6B4CC16 /* [CP] Embed Pods Frameworks */,
			);
			buildRules = (
			);
			dependencies = (
			);
			name = "Recipes&Cooking";
			productName = "Recipes&Cooking";
			productReference = 607C9A4125C0632A009A5E11 /* Recipes&Cooking.app */;
			productType = "com.apple.product-type.application";
		};
/* End PBXNativeTarget section */

/* Begin PBXProject section */
		607C9A3925C0632A009A5E11 /* Project object */ = {
			isa = PBXProject;
			attributes = {
				LastSwiftUpdateCheck = 1200;
				LastUpgradeCheck = 1200;
				TargetAttributes = {
					607C9A4025C0632A009A5E11 = {
						CreatedOnToolsVersion = 12.0.1;
					};
				};
			};
			buildConfigurationList = 607C9A3C25C0632A009A5E11 /* Build configuration list for PBXProject "Recipes&Cooking" */;
			compatibilityVersion = "Xcode 9.3";
			developmentRegion = en;
			hasScannedForEncodings = 0;
			knownRegions = (
				en,
				Base,
			);
			mainGroup = 607C9A3825C0632A009A5E11;
			productRefGroup = 607C9A4225C0632A009A5E11 /* Products */;
			projectDirPath = "";
			projectRoot = "";
			targets = (
				607C9A4025C0632A009A5E11 /* Recipes&Cooking */,
			);
		};
/* End PBXProject section */

/* Begin PBXResourcesBuildPhase section */
		607C9A3F25C0632A009A5E11 /* Resources */ = {
			isa = PBXResourcesBuildPhase;
			buildActionMask = 2147483647;
			files = (
				607C9A5125C0632D009A5E11 /* LaunchScreen.storyboard in Resources */,
				607C9A4E25C0632D009A5E11 /* Assets.xcassets in Resources */,
			);
			runOnlyForDeploymentPostprocessing = 0;
		};
/* End PBXResourcesBuildPhase section */

/* Begin PBXShellScriptBuildPhase section */
		923931D78A1D25F8069CE9CE /* [CP] Check Pods Manifest.lock */ = {
			isa = PBXShellScriptBuildPhase;
			buildActionMask = 2147483647;
			files = (
			);
			inputFileListPaths = (
			);
			inputPaths = (
				"${PODS_PODFILE_DIR_PATH}/Podfile.lock",
				"${PODS_ROOT}/Manifest.lock",
			);
			name = "[CP] Check Pods Manifest.lock";
			outputFileListPaths = (
			);
			outputPaths = (
				"$(DERIVED_FILE_DIR)/Pods-Recipes&Cooking-checkManifestLockResult.txt",
			);
			runOnlyForDeploymentPostprocessing = 0;
			shellPath = /bin/sh;
			shellScript = "diff \"${PODS_PODFILE_DIR_PATH}/Podfile.lock\" \"${PODS_ROOT}/Manifest.lock\" > /dev/null\nif [ $? != 0 ] ; then\n    # print error to STDERR\n    echo \"error: The sandbox is not in sync with the Podfile.lock. Run 'pod install' or update your CocoaPods installation.\" >&2\n    exit 1\nfi\n# This output is used by Xcode 'outputs' to avoid re-running this script phase.\necho \"SUCCESS\" > \"${SCRIPT_OUTPUT_FILE_0}\"\n";
			showEnvVarsInLog = 0;
		};
		D2B70F749DD34EE5B6B4CC16 /* [CP] Embed Pods Frameworks */ = {
			isa = PBXShellScriptBuildPhase;
			buildActionMask = 2147483647;
			files = (
			);
			inputFileListPaths = (
				"${PODS_ROOT}/Target Support Files/Pods-Recipes&Cooking/Pods-Recipes&Cooking-frameworks-${CONFIGURATION}-input-files.xcfilelist",
			);
			name = "[CP] Embed Pods Frameworks";
			outputFileListPaths = (
				"${PODS_ROOT}/Target Support Files/Pods-Recipes&Cooking/Pods-Recipes&Cooking-frameworks-${CONFIGURATION}-output-files.xcfilelist",
			);
			runOnlyForDeploymentPostprocessing = 0;
			shellPath = /bin/sh;
			shellScript = "\"${PODS_ROOT}/Target Support Files/Pods-Recipes&Cooking/Pods-Recipes&Cooking-frameworks.sh\"\n";
			showEnvVarsInLog = 0;
		};
/* End PBXShellScriptBuildPhase section */

/* Begin PBXSourcesBuildPhase section */
		607C9A3D25C0632A009A5E11 /* Sources */ = {
			isa = PBXSourcesBuildPhase;
			buildActionMask = 2147483647;
			files = (
				C555D03D2A44955A0001DF25 /* DescritionLabel.swift in Sources */,
				607C9A4925C0632A009A5E11 /* DetailViewController.swift in Sources */,
				C51E998E2A4DC42D00FFEAEF /* RecipeDetailView.swift in Sources */,
				C5D579FF2A68861B00DB5C4B /* DataBaseHelper.swift in Sources */,
				607C9A4525C0632A009A5E11 /* AppDelegate.swift in Sources */,
				C5B2D2DD2A44C04E00EA61DD /* FirstRecipeSectionView.swift in Sources */,
				C555D03A2A447DC30001DF25 /* FormView.swift in Sources */,
				60F0206F25C064B200D59149 /* RecipeModel.swift in Sources */,
				C5F1280B2A336C7000532FBF /* RecipeListTableView.swift in Sources */,
				60C1F6BB25CC833900D1AADE /* RecipeCell.swift in Sources */,
				60F0207F25C1D76F00D59149 /* FormViewController.swift in Sources */,
				6013FFF825C354050081BF1E /* RecipesTableViewController.swift in Sources */,
				607C9A4725C0632A009A5E11 /* SceneDelegate.swift in Sources */,
				C5F1280E2A33B05800532FBF /* EmptyListView.swift in Sources */,
			);
			runOnlyForDeploymentPostprocessing = 0;
		};
/* End PBXSourcesBuildPhase section */

/* Begin PBXVariantGroup section */
		607C9A4F25C0632D009A5E11 /* LaunchScreen.storyboard */ = {
			isa = PBXVariantGroup;
			children = (
				607C9A5025C0632D009A5E11 /* Base */,
			);
			name = LaunchScreen.storyboard;
			sourceTree = "<group>";
		};
/* End PBXVariantGroup section */

/* Begin XCBuildConfiguration section */
		607C9A5325C0632D009A5E11 /* Debug */ = {
			isa = XCBuildConfiguration;
			buildSettings = {
				ALWAYS_SEARCH_USER_PATHS = NO;
				CLANG_ANALYZER_NONNULL = YES;
				CLANG_ANALYZER_NUMBER_OBJECT_CONVERSION = YES_AGGRESSIVE;
				CLANG_CXX_LANGUAGE_STANDARD = "gnu++14";
				CLANG_CXX_LIBRARY = "libc++";
				CLANG_ENABLE_MODULES = YES;
				CLANG_ENABLE_OBJC_ARC = YES;
				CLANG_ENABLE_OBJC_WEAK = YES;
				CLANG_WARN_BLOCK_CAPTURE_AUTORELEASING = YES;
				CLANG_WARN_BOOL_CONVERSION = YES;
				CLANG_WARN_COMMA = YES;
				CLANG_WARN_CONSTANT_CONVERSION = YES;
				CLANG_WARN_DEPRECATED_OBJC_IMPLEMENTATIONS = YES;
				CLANG_WARN_DIRECT_OBJC_ISA_USAGE = YES_ERROR;
				CLANG_WARN_DOCUMENTATION_COMMENTS = YES;
				CLANG_WARN_EMPTY_BODY = YES;
				CLANG_WARN_ENUM_CONVERSION = YES;
				CLANG_WARN_INFINITE_RECURSION = YES;
				CLANG_WARN_INT_CONVERSION = YES;
				CLANG_WARN_NON_LITERAL_NULL_CONVERSION = YES;
				CLANG_WARN_OBJC_IMPLICIT_RETAIN_SELF = YES;
				CLANG_WARN_OBJC_LITERAL_CONVERSION = YES;
				CLANG_WARN_OBJC_ROOT_CLASS = YES_ERROR;
				CLANG_WARN_QUOTED_INCLUDE_IN_FRAMEWORK_HEADER = YES;
				CLANG_WARN_RANGE_LOOP_ANALYSIS = YES;
				CLANG_WARN_STRICT_PROTOTYPES = YES;
				CLANG_WARN_SUSPICIOUS_MOVE = YES;
				CLANG_WARN_UNGUARDED_AVAILABILITY = YES_AGGRESSIVE;
				CLANG_WARN_UNREACHABLE_CODE = YES;
				CLANG_WARN__DUPLICATE_METHOD_MATCH = YES;
				COPY_PHASE_STRIP = NO;
				DEBUG_INFORMATION_FORMAT = dwarf;
				ENABLE_STRICT_OBJC_MSGSEND = YES;
				ENABLE_TESTABILITY = YES;
				GCC_C_LANGUAGE_STANDARD = gnu11;
				GCC_DYNAMIC_NO_PIC = NO;
				GCC_NO_COMMON_BLOCKS = YES;
				GCC_OPTIMIZATION_LEVEL = 0;
				GCC_PREPROCESSOR_DEFINITIONS = (
					"DEBUG=1",
					"$(inherited)",
				);
				GCC_WARN_64_TO_32_BIT_CONVERSION = YES;
				GCC_WARN_ABOUT_RETURN_TYPE = YES_ERROR;
				GCC_WARN_UNDECLARED_SELECTOR = YES;
				GCC_WARN_UNINITIALIZED_AUTOS = YES_AGGRESSIVE;
				GCC_WARN_UNUSED_FUNCTION = YES;
				GCC_WARN_UNUSED_VARIABLE = YES;
				IPHONEOS_DEPLOYMENT_TARGET = 16.2;
				MTL_ENABLE_DEBUG_INFO = INCLUDE_SOURCE;
				MTL_FAST_MATH = YES;
				ONLY_ACTIVE_ARCH = YES;
				SDKROOT = iphoneos;
				SWIFT_ACTIVE_COMPILATION_CONDITIONS = DEBUG;
				SWIFT_OPTIMIZATION_LEVEL = "-Onone";
			};
			name = Debug;
		};
		607C9A5425C0632D009A5E11 /* Release */ = {
			isa = XCBuildConfiguration;
			buildSettings = {
				ALWAYS_SEARCH_USER_PATHS = NO;
				CLANG_ANALYZER_NONNULL = YES;
				CLANG_ANALYZER_NUMBER_OBJECT_CONVERSION = YES_AGGRESSIVE;
				CLANG_CXX_LANGUAGE_STANDARD = "gnu++14";
				CLANG_CXX_LIBRARY = "libc++";
				CLANG_ENABLE_MODULES = YES;
				CLANG_ENABLE_OBJC_ARC = YES;
				CLANG_ENABLE_OBJC_WEAK = YES;
				CLANG_WARN_BLOCK_CAPTURE_AUTORELEASING = YES;
				CLANG_WARN_BOOL_CONVERSION = YES;
				CLANG_WARN_COMMA = YES;
				CLANG_WARN_CONSTANT_CONVERSION = YES;
				CLANG_WARN_DEPRECATED_OBJC_IMPLEMENTATIONS = YES;
				CLANG_WARN_DIRECT_OBJC_ISA_USAGE = YES_ERROR;
				CLANG_WARN_DOCUMENTATION_COMMENTS = YES;
				CLANG_WARN_EMPTY_BODY = YES;
				CLANG_WARN_ENUM_CONVERSION = YES;
				CLANG_WARN_INFINITE_RECURSION = YES;
				CLANG_WARN_INT_CONVERSION = YES;
				CLANG_WARN_NON_LITERAL_NULL_CONVERSION = YES;
				CLANG_WARN_OBJC_IMPLICIT_RETAIN_SELF = YES;
				CLANG_WARN_OBJC_LITERAL_CONVERSION = YES;
				CLANG_WARN_OBJC_ROOT_CLASS = YES_ERROR;
				CLANG_WARN_QUOTED_INCLUDE_IN_FRAMEWORK_HEADER = YES;
				CLANG_WARN_RANGE_LOOP_ANALYSIS = YES;
				CLANG_WARN_STRICT_PROTOTYPES = YES;
				CLANG_WARN_SUSPICIOUS_MOVE = YES;
				CLANG_WARN_UNGUARDED_AVAILABILITY = YES_AGGRESSIVE;
				CLANG_WARN_UNREACHABLE_CODE = YES;
				CLANG_WARN__DUPLICATE_METHOD_MATCH = YES;
				COPY_PHASE_STRIP = NO;
				DEBUG_INFORMATION_FORMAT = "dwarf-with-dsym";
				ENABLE_NS_ASSERTIONS = NO;
				ENABLE_STRICT_OBJC_MSGSEND = YES;
				GCC_C_LANGUAGE_STANDARD = gnu11;
				GCC_NO_COMMON_BLOCKS = YES;
				GCC_WARN_64_TO_32_BIT_CONVERSION = YES;
				GCC_WARN_ABOUT_RETURN_TYPE = YES_ERROR;
				GCC_WARN_UNDECLARED_SELECTOR = YES;
				GCC_WARN_UNINITIALIZED_AUTOS = YES_AGGRESSIVE;
				GCC_WARN_UNUSED_FUNCTION = YES;
				GCC_WARN_UNUSED_VARIABLE = YES;
				IPHONEOS_DEPLOYMENT_TARGET = 16.2;
				MTL_ENABLE_DEBUG_INFO = NO;
				MTL_FAST_MATH = YES;
				SDKROOT = iphoneos;
				SWIFT_COMPILATION_MODE = wholemodule;
				SWIFT_OPTIMIZATION_LEVEL = "-O";
				VALIDATE_PRODUCT = YES;
			};
			name = Release;
		};
		607C9A5625C0632D009A5E11 /* Debug */ = {
			isa = XCBuildConfiguration;
			baseConfigurationReference = B0C7D4E9761EDF9719E5F525 /* Pods-Recipes&Cooking.debug.xcconfig */;
			buildSettings = {
				ASSETCATALOG_COMPILER_APPICON_NAME = AppIcon;
				ASSETCATALOG_COMPILER_GLOBAL_ACCENT_COLOR_NAME = AccentColor;
				CODE_SIGN_STYLE = Automatic;
				DEVELOPMENT_TEAM = N37W993B25;
				INFOPLIST_FILE = "Recipes&Cooking/Info.plist";
				IPHONEOS_DEPLOYMENT_TARGET = 16.5;
				LD_RUNPATH_SEARCH_PATHS = (
					"$(inherited)",
					"@executable_path/Frameworks",
				);
				PRODUCT_BUNDLE_IDENTIFIER = "br.paola.Recipes-Cooking";
				PRODUCT_NAME = "$(TARGET_NAME)";
				SWIFT_VERSION = 5.0;
				TARGETED_DEVICE_FAMILY = 1;
			};
			name = Debug;
		};
		607C9A5725C0632D009A5E11 /* Release */ = {
			isa = XCBuildConfiguration;
			baseConfigurationReference = 1BC6F2C396C5C55558966316 /* Pods-Recipes&Cooking.release.xcconfig */;
			buildSettings = {
				ASSETCATALOG_COMPILER_APPICON_NAME = AppIcon;
				ASSETCATALOG_COMPILER_GLOBAL_ACCENT_COLOR_NAME = AccentColor;
				CODE_SIGN_STYLE = Automatic;
				DEVELOPMENT_TEAM = N37W993B25;
				INFOPLIST_FILE = "Recipes&Cooking/Info.plist";
				IPHONEOS_DEPLOYMENT_TARGET = 16.5;
				LD_RUNPATH_SEARCH_PATHS = (
					"$(inherited)",
					"@executable_path/Frameworks",
				);
				PRODUCT_BUNDLE_IDENTIFIER = "br.paola.Recipes-Cooking";
				PRODUCT_NAME = "$(TARGET_NAME)";
				SWIFT_VERSION = 5.0;
				TARGETED_DEVICE_FAMILY = 1;
			};
			name = Release;
		};
/* End XCBuildConfiguration section */

/* Begin XCConfigurationList section */
		607C9A3C25C0632A009A5E11 /* Build configuration list for PBXProject "Recipes&Cooking" */ = {
			isa = XCConfigurationList;
			buildConfigurations = (
				607C9A5325C0632D009A5E11 /* Debug */,
				607C9A5425C0632D009A5E11 /* Release */,
			);
			defaultConfigurationIsVisible = 0;
			defaultConfigurationName = Release;
		};
		607C9A5525C0632D009A5E11 /* Build configuration list for PBXNativeTarget "Recipes&Cooking" */ = {
			isa = XCConfigurationList;
			buildConfigurations = (
				607C9A5625C0632D009A5E11 /* Debug */,
				607C9A5725C0632D009A5E11 /* Release */,
			);
			defaultConfigurationIsVisible = 0;
			defaultConfigurationName = Release;
		};
/* End XCConfigurationList section */
	};
	rootObject = 607C9A3925C0632A009A5E11 /* Project object */;
}
